
Microsoft Visual Studio Solution File, Format Version 12.00
# Visual Studio Version 16
VisualStudioVersion = 16.0.31410.357
MinimumVisualStudioVersion = 10.0.40219.1
Project("{FAE04EC0-301F-11D3-BF4B-00C04F79EFBC}") = "GeneratingQRCode", "GeneratingQRCode\GeneratingQRCode.csproj", "{74BF18C5-3664-448F-8849-44CDCB913621}"
EndProject
Global
	GlobalSection(SolutionConfigurationPlatforms) = preSolution
		Debug|Any CPU = Debug|Any CPU
		Release|Any CPU = Release|Any CPU
	EndGlobalSection
	GlobalSection(ProjectConfigurationPlatforms) = postSolution
		{74BF18C5-3664-448F-8849-44CDCB913621}.Debug|Any CPU.ActiveCfg = Debug|Any CPU
		{74BF18C5-3664-448F-8849-44CDCB913621}.Debug|Any CPU.Build.0 = Debug|Any CPU
		{74BF18C5-3664-448F-8849-44CDCB913621}.Release|Any CPU.ActiveCfg = Release|Any CPU
		{74BF18C5-3664-448F-8849-44CDCB913621}.Release|Any CPU.Build.0 = Release|Any CPU
	EndGlobalSection
	GlobalSection(SolutionProperties) = preSolution
		HideSolutionNode = FALSE
	EndGlobalSection
	GlobalSection(ExtensibilityGlobals) = postSolution
		SolutionGuid = {2C852579-463E-4015-9075-6E0DD3EBB7AF}
	EndGlobalSection
EndGlobal
